
Microsoft Visual Studio Solution File, Format Version 12.00
# Visual Studio 2015
Project("{FAE04EC0-301F-11D3-BF4B-00C04F79EFBC}") = "Open_the_Door_Final", "Open_the_Door_Final.csproj", "{C36E67A2-DC86-05C8-0701-F6B426D33B21}"
EndProject
Global
	GlobalSection(SolutionConfigurationPlatforms) = preSolution
		Debug|Any CPU = Debug|Any CPU
		Release|Any CPU = Release|Any CPU
	EndGlobalSection
	GlobalSection(ProjectConfigurationPlatforms) = postSolution
		{C36E67A2-DC86-05C8-0701-F6B426D33B21}.Debug|Any CPU.ActiveCfg = Debug|Any CPU
		{C36E67A2-DC86-05C8-0701-F6B426D33B21}.Debug|Any CPU.Build.0 = Debug|Any CPU
		{C36E67A2-DC86-05C8-0701-F6B426D33B21}.Release|Any CPU.ActiveCfg = Release|Any CPU
		{C36E67A2-DC86-05C8-0701-F6B426D33B21}.Release|Any CPU.Build.0 = Release|Any CPU
	EndGlobalSection
	GlobalSection(SolutionProperties) = preSolution
		HideSolutionNode = FALSE
	EndGlobalSection
EndGlobal
